
Microsoft Visual Studio Solution File, Format Version 12.00
# Visual Studio Version 17
VisualStudioVersion = 17.13.36105.23 d17.13
MinimumVisualStudioVersion = 10.0.40219.1
Project("{FAE04EC0-301F-11D3-BF4B-00C04F79EFBC}") = "ToDoListApplication", "ToDoListApplication\ToDoListApplication.csproj", "{6233F5BD-D777-4A43-8253-54986B4028F9}"
EndProject
Global
	GlobalSection(SolutionConfigurationPlatforms) = preSolution
		Debug|Any CPU = Debug|Any CPU
		Release|Any CPU = Release|Any CPU
	EndGlobalSection
	GlobalSection(ProjectConfigurationPlatforms) = postSolution
		{6233F5BD-D777-4A43-8253-54986B4028F9}.Debug|Any CPU.ActiveCfg = Debug|Any CPU
		{6233F5BD-D777-4A43-8253-54986B4028F9}.Debug|Any CPU.Build.0 = Debug|Any CPU
		{6233F5BD-D777-4A43-8253-54986B4028F9}.Release|Any CPU.ActiveCfg = Release|Any CPU
		{6233F5BD-D777-4A43-8253-54986B4028F9}.Release|Any CPU.Build.0 = Release|Any CPU
	EndGlobalSection
	GlobalSection(SolutionProperties) = preSolution
		HideSolutionNode = FALSE
	EndGlobalSection
	GlobalSection(ExtensibilityGlobals) = postSolution
		SolutionGuid = {4425118A-C19F-4AEC-A4DF-9F51C0749B98}
	EndGlobalSection
EndGlobal
